// !$*UTF8*$!
{
	archiveVersion = 1;
	classes = {
	};
	objectVersion = 47;
	objects = {

/* Begin PBXBuildFile section */
		3B122AAA1CEB3BDE00417A63 /* AppDelegate.swift in Sources */ = {isa = PBXBuildFile; fileRef = 3B122AA91CEB3BDE00417A63 /* AppDelegate.swift */; };
		3B122AAC1CEB3BDE00417A63 /* ItemViewController.swift in Sources */ = {isa = PBXBuildFile; fileRef = 3B122AAB1CEB3BDE00417A63 /* ItemViewController.swift */; };
		3B122AAF1CEB3BDE00417A63 /* Main.storyboard in Resources */ = {isa = PBXBuildFile; fileRef = 3B122AAD1CEB3BDE00417A63 /* Main.storyboard */; };
		3B122AB21CEB3BDE00417A63 /* RideBook.xcdatamodeld in Sources */ = {isa = PBXBuildFile; fileRef = 3B122AB01CEB3BDE00417A63 /* RideBook.xcdatamodeld */; };
		3B122AB41CEB3BDE00417A63 /* Assets.xcassets in Resources */ = {isa = PBXBuildFile; fileRef = 3B122AB31CEB3BDE00417A63 /* Assets.xcassets */; };
		3B122AB71CEB3BDE00417A63 /* LaunchScreen.storyboard in Resources */ = {isa = PBXBuildFile; fileRef = 3B122AB51CEB3BDE00417A63 /* LaunchScreen.storyboard */; };
		3B70ABA71CF9A80B00798C54 /* Vehicle+CoreDataProperties.swift in Sources */ = {isa = PBXBuildFile; fileRef = 3B70AB9F1CF9A80B00798C54 /* Vehicle+CoreDataProperties.swift */; };
		3B70ABA81CF9A80B00798C54 /* Vehicle.swift in Sources */ = {isa = PBXBuildFile; fileRef = 3B70ABA01CF9A80B00798C54 /* Vehicle.swift */; };
		3B70ABAA1CF9A80B00798C54 /* EvaluateItem.swift in Sources */ = {isa = PBXBuildFile; fileRef = 3B70ABA21CF9A80B00798C54 /* EvaluateItem.swift */; };
		3B70ABAB1CF9A80B00798C54 /* Person+CoreDataProperties.swift in Sources */ = {isa = PBXBuildFile; fileRef = 3B70ABA31CF9A80B00798C54 /* Person+CoreDataProperties.swift */; };
		3B70ABAC1CF9A80B00798C54 /* Person.swift in Sources */ = {isa = PBXBuildFile; fileRef = 3B70ABA41CF9A80B00798C54 /* Person.swift */; };
		3B70ABAE1CF9ABFB00798C54 /* CoreDataStack.swift in Sources */ = {isa = PBXBuildFile; fileRef = 3B70ABAD1CF9ABFB00798C54 /* CoreDataStack.swift */; };
		3B70ABB11CF9B09D00798C54 /* ItemViewCell.swift in Sources */ = {isa = PBXBuildFile; fileRef = 3B70ABAF1CF9B09D00798C54 /* ItemViewCell.swift */; };
		3B70ABB61CF9C92500798C54 /* EvaluateItem+CoreDataProperties.swift in Sources */ = {isa = PBXBuildFile; fileRef = 3B70ABB51CF9C92500798C54 /* EvaluateItem+CoreDataProperties.swift */; };
		3B70ABD81CFAA35D00798C54 /* CarsSegmentedControl.swift in Sources */ = {isa = PBXBuildFile; fileRef = 3B70ABD71CFAA35D00798C54 /* CarsSegmentedControl.swift */; };
		3B70ABDA1CFAFC1100798C54 /* PersonViewController.swift in Sources */ = {isa = PBXBuildFile; fileRef = 3B70ABD91CFAFC1100798C54 /* PersonViewController.swift */; };
		3B70ABDD1CFAFF7400798C54 /* Group+CoreDataProperties.swift in Sources */ = {isa = PBXBuildFile; fileRef = 3B70ABDB1CFAFF7400798C54 /* Group+CoreDataProperties.swift */; };
		3B70ABDE1CFAFF7400798C54 /* Group.swift in Sources */ = {isa = PBXBuildFile; fileRef = 3B70ABDC1CFAFF7400798C54 /* Group.swift */; };
		3B70ABE11CFB065600798C54 /* rideEvent.json in Resources */ = {isa = PBXBuildFile; fileRef = 3B70ABE01CFB065600798C54 /* rideEvent.json */; };
		3B70ABE41CFB070E00798C54 /* RideEvent+CoreDataProperties.swift in Sources */ = {isa = PBXBuildFile; fileRef = 3B70ABE21CFB070E00798C54 /* RideEvent+CoreDataProperties.swift */; };
		3B70ABE51CFB070E00798C54 /* RideEvent.swift in Sources */ = {isa = PBXBuildFile; fileRef = 3B70ABE31CFB070E00798C54 /* RideEvent.swift */; };
		3B70ABE71CFB167E00798C54 /* JsonDataManager.swift in Sources */ = {isa = PBXBuildFile; fileRef = 3B70ABE61CFB167E00798C54 /* JsonDataManager.swift */; };
		3B70ABE91CFB2BC200798C54 /* items.json in Resources */ = {isa = PBXBuildFile; fileRef = 3B70ABE81CFB2BC200798C54 /* items.json */; };
		3B70ABED1CFB2C6600798C54 /* groups.json in Resources */ = {isa = PBXBuildFile; fileRef = 3B70ABEC1CFB2C6600798C54 /* groups.json */; };
		3B70ABEF1CFB2C7700798C54 /* vehicles.json in Resources */ = {isa = PBXBuildFile; fileRef = 3B70ABEE1CFB2C7700798C54 /* vehicles.json */; };
		3B70ABF31CFB2D4500798C54 /* persons.json in Resources */ = {isa = PBXBuildFile; fileRef = 3B70ABF21CFB2D4500798C54 /* persons.json */; };
		3B70ABF51CFC78F700798C54 /* PersonViewCell.swift in Sources */ = {isa = PBXBuildFile; fileRef = 3B70ABF41CFC78F700798C54 /* PersonViewCell.swift */; };
		3B70ABF71CFC822500798C54 /* VehicleViewController.swift in Sources */ = {isa = PBXBuildFile; fileRef = 3B70ABF61CFC822500798C54 /* VehicleViewController.swift */; };
		3B70ABF91CFC82F000798C54 /* VehicleViewCell.swift in Sources */ = {isa = PBXBuildFile; fileRef = 3B70ABF81CFC82F000798C54 /* VehicleViewCell.swift */; };
		3B70AC001D0065BD00798C54 /* EvaluateScore+CoreDataProperties.swift in Sources */ = {isa = PBXBuildFile; fileRef = 3B70ABFA1D0065BD00798C54 /* EvaluateScore+CoreDataProperties.swift */; };
		3B70AC011D0065BD00798C54 /* EvaluateScore.swift in Sources */ = {isa = PBXBuildFile; fileRef = 3B70ABFB1D0065BD00798C54 /* EvaluateScore.swift */; };
		3B70AC021D0065BD00798C54 /* Issue+CoreDataProperties.swift in Sources */ = {isa = PBXBuildFile; fileRef = 3B70ABFC1D0065BD00798C54 /* Issue+CoreDataProperties.swift */; };
		3B70AC031D0065BD00798C54 /* Issue.swift in Sources */ = {isa = PBXBuildFile; fileRef = 3B70ABFD1D0065BD00798C54 /* Issue.swift */; };
		3B70AC041D0065BD00798C54 /* Attendance+CoreDataProperties.swift in Sources */ = {isa = PBXBuildFile; fileRef = 3B70ABFE1D0065BD00798C54 /* Attendance+CoreDataProperties.swift */; };
		3B70AC051D0065BD00798C54 /* Attendance.swift in Sources */ = {isa = PBXBuildFile; fileRef = 3B70ABFF1D0065BD00798C54 /* Attendance.swift */; };
		3B70AC071D00729700798C54 /* SpiderChart.swift in Sources */ = {isa = PBXBuildFile; fileRef = 3B70AC061D00729700798C54 /* SpiderChart.swift */; };
		3BB894CD1D79AEEE00673CF4 /* ridebook.json in Resources */ = {isa = PBXBuildFile; fileRef = 3BB894CC1D79AEEE00673CF4 /* ridebook.json */; };
/* End PBXBuildFile section */

/* Begin PBXFileReference section */
		3B122AA61CEB3BDE00417A63 /* RideBook.app */ = {isa = PBXFileReference; explicitFileType = wrapper.application; includeInIndex = 0; path = RideBook.app; sourceTree = BUILT_PRODUCTS_DIR; };
		3B122AA91CEB3BDE00417A63 /* AppDelegate.swift */ = {isa = PBXFileReference; lastKnownFileType = sourcecode.swift; path = AppDelegate.swift; sourceTree = "<group>"; };
		3B122AAB1CEB3BDE00417A63 /* ItemViewController.swift */ = {isa = PBXFileReference; lastKnownFileType = sourcecode.swift; path = ItemViewController.swift; sourceTree = "<group>"; };
		3B122AAE1CEB3BDE00417A63 /* Base */ = {isa = PBXFileReference; lastKnownFileType = file.storyboard; name = Base; path = Base.lproj/Main.storyboard; sourceTree = "<group>"; };
		3B122AB11CEB3BDE00417A63 /* RideBook.xcdatamodel */ = {isa = PBXFileReference; lastKnownFileType = wrapper.xcdatamodel; path = RideBook.xcdatamodel; sourceTree = "<group>"; };
		3B122AB31CEB3BDE00417A63 /* Assets.xcassets */ = {isa = PBXFileReference; lastKnownFileType = folder.assetcatalog; path = Assets.xcassets; sourceTree = "<group>"; };
		3B122AB61CEB3BDE00417A63 /* Base */ = {isa = PBXFileReference; lastKnownFileType = file.storyboard; name = Base; path = Base.lproj/LaunchScreen.storyboard; sourceTree = "<group>"; };
		3B122AB81CEB3BDE00417A63 /* Info.plist */ = {isa = PBXFileReference; lastKnownFileType = text.plist.xml; path = Info.plist; sourceTree = "<group>"; };
		3B70AB9F1CF9A80B00798C54 /* Vehicle+CoreDataProperties.swift */ = {isa = PBXFileReference; fileEncoding = 4; lastKnownFileType = sourcecode.swift; path = "Vehicle+CoreDataProperties.swift"; sourceTree = "<group>"; };
		3B70ABA01CF9A80B00798C54 /* Vehicle.swift */ = {isa = PBXFileReference; fileEncoding = 4; lastKnownFileType = sourcecode.swift; path = Vehicle.swift; sourceTree = "<group>"; };
		3B70ABA21CF9A80B00798C54 /* EvaluateItem.swift */ = {isa = PBXFileReference; fileEncoding = 4; lastKnownFileType = sourcecode.swift; path = EvaluateItem.swift; sourceTree = "<group>"; };
		3B70ABA31CF9A80B00798C54 /* Person+CoreDataProperties.swift */ = {isa = PBXFileReference; fileEncoding = 4; lastKnownFileType = sourcecode.swift; path = "Person+CoreDataProperties.swift"; sourceTree = "<group>"; };
		3B70ABA41CF9A80B00798C54 /* Person.swift */ = {isa = PBXFileReference; fileEncoding = 4; lastKnownFileType = sourcecode.swift; path = Person.swift; sourceTree = "<group>"; };
		3B70ABAD1CF9ABFB00798C54 /* CoreDataStack.swift */ = {isa = PBXFileReference; fileEncoding = 4; lastKnownFileType = sourcecode.swift; path = CoreDataStack.swift; sourceTree = "<group>"; };
		3B70ABAF1CF9B09D00798C54 /* ItemViewCell.swift */ = {isa = PBXFileReference; fileEncoding = 4; lastKnownFileType = sourcecode.swift; path = ItemViewCell.swift; sourceTree = "<group>"; };
		3B70ABB51CF9C92500798C54 /* EvaluateItem+CoreDataProperties.swift */ = {isa = PBXFileReference; fileEncoding = 4; lastKnownFileType = sourcecode.swift; path = "EvaluateItem+CoreDataProperties.swift"; sourceTree = "<group>"; };
		3B70ABD71CFAA35D00798C54 /* CarsSegmentedControl.swift */ = {isa = PBXFileReference; fileEncoding = 4; lastKnownFileType = sourcecode.swift; path = CarsSegmentedControl.swift; sourceTree = "<group>"; };
		3B70ABD91CFAFC1100798C54 /* PersonViewController.swift */ = {isa = PBXFileReference; fileEncoding = 4; lastKnownFileType = sourcecode.swift; path = PersonViewController.swift; sourceTree = "<group>"; };
		3B70ABDB1CFAFF7400798C54 /* Group+CoreDataProperties.swift */ = {isa = PBXFileReference; fileEncoding = 4; lastKnownFileType = sourcecode.swift; path = "Group+CoreDataProperties.swift"; sourceTree = "<group>"; };
		3B70ABDC1CFAFF7400798C54 /* Group.swift */ = {isa = PBXFileReference; fileEncoding = 4; lastKnownFileType = sourcecode.swift; path = Group.swift; sourceTree = "<group>"; };
		3B70ABE01CFB065600798C54 /* rideEvent.json */ = {isa = PBXFileReference; fileEncoding = 4; lastKnownFileType = text.json; path = rideEvent.json; sourceTree = "<group>"; };
		3B70ABE21CFB070E00798C54 /* RideEvent+CoreDataProperties.swift */ = {isa = PBXFileReference; fileEncoding = 4; lastKnownFileType = sourcecode.swift; path = "RideEvent+CoreDataProperties.swift"; sourceTree = "<group>"; };
		3B70ABE31CFB070E00798C54 /* RideEvent.swift */ = {isa = PBXFileReference; fileEncoding = 4; lastKnownFileType = sourcecode.swift; path = RideEvent.swift; sourceTree = "<group>"; };
		3B70ABE61CFB167E00798C54 /* JsonDataManager.swift */ = {isa = PBXFileReference; fileEncoding = 4; lastKnownFileType = sourcecode.swift; path = JsonDataManager.swift; sourceTree = "<group>"; };
		3B70ABE81CFB2BC200798C54 /* items.json */ = {isa = PBXFileReference; fileEncoding = 4; lastKnownFileType = text.json; path = items.json; sourceTree = "<group>"; };
		3B70ABEC1CFB2C6600798C54 /* groups.json */ = {isa = PBXFileReference; fileEncoding = 4; lastKnownFileType = text.json; path = groups.json; sourceTree = "<group>"; };
		3B70ABEE1CFB2C7700798C54 /* vehicles.json */ = {isa = PBXFileReference; fileEncoding = 4; lastKnownFileType = text.json; path = vehicles.json; sourceTree = "<group>"; };
		3B70ABF21CFB2D4500798C54 /* persons.json */ = {isa = PBXFileReference; fileEncoding = 4; lastKnownFileType = text.json; path = persons.json; sourceTree = "<group>"; };
		3B70ABF41CFC78F700798C54 /* PersonViewCell.swift */ = {isa = PBXFileReference; fileEncoding = 4; lastKnownFileType = sourcecode.swift; path = PersonViewCell.swift; sourceTree = "<group>"; };
		3B70ABF61CFC822500798C54 /* VehicleViewController.swift */ = {isa = PBXFileReference; fileEncoding = 4; lastKnownFileType = sourcecode.swift; path = VehicleViewController.swift; sourceTree = "<group>"; };
		3B70ABF81CFC82F000798C54 /* VehicleViewCell.swift */ = {isa = PBXFileReference; fileEncoding = 4; lastKnownFileType = sourcecode.swift; path = VehicleViewCell.swift; sourceTree = "<group>"; };
		3B70ABFA1D0065BD00798C54 /* EvaluateScore+CoreDataProperties.swift */ = {isa = PBXFileReference; fileEncoding = 4; lastKnownFileType = sourcecode.swift; path = "EvaluateScore+CoreDataProperties.swift"; sourceTree = "<group>"; };
		3B70ABFB1D0065BD00798C54 /* EvaluateScore.swift */ = {isa = PBXFileReference; fileEncoding = 4; lastKnownFileType = sourcecode.swift; path = EvaluateScore.swift; sourceTree = "<group>"; };
		3B70ABFC1D0065BD00798C54 /* Issue+CoreDataProperties.swift */ = {isa = PBXFileReference; fileEncoding = 4; lastKnownFileType = sourcecode.swift; path = "Issue+CoreDataProperties.swift"; sourceTree = "<group>"; };
		3B70ABFD1D0065BD00798C54 /* Issue.swift */ = {isa = PBXFileReference; fileEncoding = 4; lastKnownFileType = sourcecode.swift; path = Issue.swift; sourceTree = "<group>"; };
		3B70ABFE1D0065BD00798C54 /* Attendance+CoreDataProperties.swift */ = {isa = PBXFileReference; fileEncoding = 4; lastKnownFileType = sourcecode.swift; path = "Attendance+CoreDataProperties.swift"; sourceTree = "<group>"; };
		3B70ABFF1D0065BD00798C54 /* Attendance.swift */ = {isa = PBXFileReference; fileEncoding = 4; lastKnownFileType = sourcecode.swift; path = Attendance.swift; sourceTree = "<group>"; };
		3B70AC061D00729700798C54 /* SpiderChart.swift */ = {isa = PBXFileReference; fileEncoding = 4; lastKnownFileType = sourcecode.swift; path = SpiderChart.swift; sourceTree = "<group>"; };
		3BB894CC1D79AEEE00673CF4 /* ridebook.json */ = {isa = PBXFileReference; fileEncoding = 4; lastKnownFileType = text.json; path = ridebook.json; sourceTree = "<group>"; };
/* End PBXFileReference section */

/* Begin PBXFrameworksBuildPhase section */
		3B122AA31CEB3BDE00417A63 /* Frameworks */ = {
			isa = PBXFrameworksBuildPhase;
			buildActionMask = 2147483647;
			files = (
			);
			runOnlyForDeploymentPostprocessing = 0;
		};
/* End PBXFrameworksBuildPhase section */

/* Begin PBXGroup section */
		3B122A9D1CEB3BDE00417A63 = {
			isa = PBXGroup;
			children = (
				3BB894CC1D79AEEE00673CF4 /* ridebook.json */,
				3B70ABF21CFB2D4500798C54 /* persons.json */,
				3B70ABE01CFB065600798C54 /* rideEvent.json */,
				3B70ABE81CFB2BC200798C54 /* items.json */,
				3B70ABEC1CFB2C6600798C54 /* groups.json */,
				3B70ABEE1CFB2C7700798C54 /* vehicles.json */,
				3BFF4FE21CEDDFFF001D2666 /* DataManager */,
				3BFF4FE11CEDDFA4001D2666 /* Model */,
				3B122AA81CEB3BDE00417A63 /* RideBook */,
				3B122AA71CEB3BDE00417A63 /* Products */,
			);
			sourceTree = "<group>";
		};
		3B122AA71CEB3BDE00417A63 /* Products */ = {
			isa = PBXGroup;
			children = (
				3B122AA61CEB3BDE00417A63 /* RideBook.app */,
			);
			name = Products;
			sourceTree = "<group>";
		};
		3B122AA81CEB3BDE00417A63 /* RideBook */ = {
			isa = PBXGroup;
			children = (
				3B70ABAD1CF9ABFB00798C54 /* CoreDataStack.swift */,
				3B122AA91CEB3BDE00417A63 /* AppDelegate.swift */,
				3B122AAB1CEB3BDE00417A63 /* ItemViewController.swift */,
				3B70ABD91CFAFC1100798C54 /* PersonViewController.swift */,
				3B70ABF61CFC822500798C54 /* VehicleViewController.swift */,
				3B70AC061D00729700798C54 /* SpiderChart.swift */,
				3B70ABAF1CF9B09D00798C54 /* ItemViewCell.swift */,
				3B70ABF41CFC78F700798C54 /* PersonViewCell.swift */,
				3B70ABF81CFC82F000798C54 /* VehicleViewCell.swift */,
				3B70ABD71CFAA35D00798C54 /* CarsSegmentedControl.swift */,
				3B122AB31CEB3BDE00417A63 /* Assets.xcassets */,
				3B122AAD1CEB3BDE00417A63 /* Main.storyboard */,
				3B122AB51CEB3BDE00417A63 /* LaunchScreen.storyboard */,
				3B122AB81CEB3BDE00417A63 /* Info.plist */,
				3B122AB01CEB3BDE00417A63 /* RideBook.xcdatamodeld */,
			);
			path = RideBook;
			sourceTree = "<group>";
		};
		3BFF4FE11CEDDFA4001D2666 /* Model */ = {
			isa = PBXGroup;
			children = (
				3B70ABFA1D0065BD00798C54 /* EvaluateScore+CoreDataProperties.swift */,
				3B70ABFB1D0065BD00798C54 /* EvaluateScore.swift */,
				3B70ABFC1D0065BD00798C54 /* Issue+CoreDataProperties.swift */,
				3B70ABFD1D0065BD00798C54 /* Issue.swift */,
				3B70ABFE1D0065BD00798C54 /* Attendance+CoreDataProperties.swift */,
				3B70ABFF1D0065BD00798C54 /* Attendance.swift */,
				3B70ABA21CF9A80B00798C54 /* EvaluateItem.swift */,
				3B70ABB51CF9C92500798C54 /* EvaluateItem+CoreDataProperties.swift */,
				3B70ABDC1CFAFF7400798C54 /* Group.swift */,
				3B70ABDB1CFAFF7400798C54 /* Group+CoreDataProperties.swift */,
				3B70ABA41CF9A80B00798C54 /* Person.swift */,
				3B70ABA31CF9A80B00798C54 /* Person+CoreDataProperties.swift */,
				3B70ABE31CFB070E00798C54 /* RideEvent.swift */,
				3B70ABE21CFB070E00798C54 /* RideEvent+CoreDataProperties.swift */,
				3B70ABA01CF9A80B00798C54 /* Vehicle.swift */,
				3B70AB9F1CF9A80B00798C54 /* Vehicle+CoreDataProperties.swift */,
			);
			name = Model;
			sourceTree = "<group>";
		};
		3BFF4FE21CEDDFFF001D2666 /* DataManager */ = {
			isa = PBXGroup;
			children = (
				3B70ABE61CFB167E00798C54 /* JsonDataManager.swift */,
			);
			name = DataManager;
			sourceTree = "<group>";
		};
/* End PBXGroup section */

/* Begin PBXNativeTarget section */
		3B122AA51CEB3BDE00417A63 /* RideBook */ = {
			isa = PBXNativeTarget;
			buildConfigurationList = 3B122ABB1CEB3BDE00417A63 /* Build configuration list for PBXNativeTarget "RideBook" */;
			buildPhases = (
				3B122AA21CEB3BDE00417A63 /* Sources */,
				3B122AA31CEB3BDE00417A63 /* Frameworks */,
				3B122AA41CEB3BDE00417A63 /* Resources */,
			);
			buildRules = (
			);
			dependencies = (
			);
			name = RideBook;
			productName = RideBook;
			productReference = 3B122AA61CEB3BDE00417A63 /* RideBook.app */;
			productType = "com.apple.product-type.application";
		};
/* End PBXNativeTarget section */

/* Begin PBXProject section */
		3B122A9E1CEB3BDE00417A63 /* Project object */ = {
			isa = PBXProject;
			attributes = {
				LastSwiftUpdateCheck = 0730;
				LastUpgradeCheck = 0730;
				ORGANIZATIONNAME = hupei;
				TargetAttributes = {
					3B122AA51CEB3BDE00417A63 = {
						CreatedOnToolsVersion = 7.3;
						DevelopmentTeam = 97MAL6JJ4P;
					};
				};
			};
			buildConfigurationList = 3B122AA11CEB3BDE00417A63 /* Build configuration list for PBXProject "RideBook" */;
			compatibilityVersion = "Xcode 6.3";
			developmentRegion = English;
			hasScannedForEncodings = 0;
			knownRegions = (
				en,
				Base,
			);
			mainGroup = 3B122A9D1CEB3BDE00417A63;
			productRefGroup = 3B122AA71CEB3BDE00417A63 /* Products */;
			projectDirPath = "";
			projectRoot = "";
			targets = (
				3B122AA51CEB3BDE00417A63 /* RideBook */,
			);
		};
/* End PBXProject section */

/* Begin PBXResourcesBuildPhase section */
		3B122AA41CEB3BDE00417A63 /* Resources */ = {
			isa = PBXResourcesBuildPhase;
			buildActionMask = 2147483647;
			files = (
				3B70ABEF1CFB2C7700798C54 /* vehicles.json in Resources */,
				3B122AB71CEB3BDE00417A63 /* LaunchScreen.storyboard in Resources */,
				3B70ABED1CFB2C6600798C54 /* groups.json in Resources */,
				3BB894CD1D79AEEE00673CF4 /* ridebook.json in Resources */,
				3B122AB41CEB3BDE00417A63 /* Assets.xcassets in Resources */,
				3B70ABE91CFB2BC200798C54 /* items.json in Resources */,
				3B70ABE11CFB065600798C54 /* rideEvent.json in Resources */,
				3B70ABF31CFB2D4500798C54 /* persons.json in Resources */,
				3B122AAF1CEB3BDE00417A63 /* Main.storyboard in Resources */,
			);
			runOnlyForDeploymentPostprocessing = 0;
		};
/* End PBXResourcesBuildPhase section */

/* Begin PBXSourcesBuildPhase section */
		3B122AA21CEB3BDE00417A63 /* Sources */ = {
			isa = PBXSourcesBuildPhase;
			buildActionMask = 2147483647;
			files = (
				3B70AC031D0065BD00798C54 /* Issue.swift in Sources */,
				3B70AC071D00729700798C54 /* SpiderChart.swift in Sources */,
				3B70ABB61CF9C92500798C54 /* EvaluateItem+CoreDataProperties.swift in Sources */,
				3B70ABF91CFC82F000798C54 /* VehicleViewCell.swift in Sources */,
				3B70ABF71CFC822500798C54 /* VehicleViewController.swift in Sources */,
				3B70ABDE1CFAFF7400798C54 /* Group.swift in Sources */,
				3B70ABF51CFC78F700798C54 /* PersonViewCell.swift in Sources */,
				3B70ABDD1CFAFF7400798C54 /* Group+CoreDataProperties.swift in Sources */,
				3B122AAC1CEB3BDE00417A63 /* ItemViewController.swift in Sources */,
				3B70ABAE1CF9ABFB00798C54 /* CoreDataStack.swift in Sources */,
				3B70ABE51CFB070E00798C54 /* RideEvent.swift in Sources */,
				3B70ABA71CF9A80B00798C54 /* Vehicle+CoreDataProperties.swift in Sources */,
				3B70ABAC1CF9A80B00798C54 /* Person.swift in Sources */,
				3B70ABE41CFB070E00798C54 /* RideEvent+CoreDataProperties.swift in Sources */,
				3B70ABDA1CFAFC1100798C54 /* PersonViewController.swift in Sources */,
				3B122AB21CEB3BDE00417A63 /* RideBook.xcdatamodeld in Sources */,
				3B70ABA81CF9A80B00798C54 /* Vehicle.swift in Sources */,
				3B70AC041D0065BD00798C54 /* Attendance+CoreDataProperties.swift in Sources */,
				3B70ABAB1CF9A80B00798C54 /* Person+CoreDataProperties.swift in Sources */,
				3B70ABB11CF9B09D00798C54 /* ItemViewCell.swift in Sources */,
				3B70AC001D0065BD00798C54 /* EvaluateScore+CoreDataProperties.swift in Sources */,
				3B70ABAA1CF9A80B00798C54 /* EvaluateItem.swift in Sources */,
				3B70ABE71CFB167E00798C54 /* JsonDataManager.swift in Sources */,
				3B70ABD81CFAA35D00798C54 /* CarsSegmentedControl.swift in Sources */,
				3B70AC021D0065BD00798C54 /* Issue+CoreDataProperties.swift in Sources */,
				3B70AC051D0065BD00798C54 /* Attendance.swift in Sources */,
				3B122AAA1CEB3BDE00417A63 /* AppDelegate.swift in Sources */,
				3B70AC011D0065BD00798C54 /* EvaluateScore.swift in Sources */,
			);
			runOnlyForDeploymentPostprocessing = 0;
		};
/* End PBXSourcesBuildPhase section */

/* Begin PBXVariantGroup section */
		3B122AAD1CEB3BDE00417A63 /* Main.storyboard */ = {
			isa = PBXVariantGroup;
			children = (
				3B122AAE1CEB3BDE00417A63 /* Base */,
			);
			name = Main.storyboard;
			sourceTree = "<group>";
		};
		3B122AB51CEB3BDE00417A63 /* LaunchScreen.storyboard */ = {
			isa = PBXVariantGroup;
			children = (
				3B122AB61CEB3BDE00417A63 /* Base */,
			);
			name = LaunchScreen.storyboard;
			sourceTree = "<group>";
		};
/* End PBXVariantGroup section */

/* Begin XCBuildConfiguration section */
		3B122AB91CEB3BDE00417A63 /* Debug */ = {
			isa = XCBuildConfiguration;
			buildSettings = {
				ALWAYS_SEARCH_USER_PATHS = NO;
				CLANG_ANALYZER_NONNULL = YES;
				CLANG_CXX_LANGUAGE_STANDARD = "gnu++0x";
				CLANG_CXX_LIBRARY = "libc++";
				CLANG_ENABLE_MODULES = YES;
				CLANG_ENABLE_OBJC_ARC = YES;
				CLANG_WARN_BOOL_CONVERSION = YES;
				CLANG_WARN_CONSTANT_CONVERSION = YES;
				CLANG_WARN_DIRECT_OBJC_ISA_USAGE = YES_ERROR;
				CLANG_WARN_EMPTY_BODY = YES;
				CLANG_WARN_ENUM_CONVERSION = YES;
				CLANG_WARN_INT_CONVERSION = YES;
				CLANG_WARN_OBJC_ROOT_CLASS = YES_ERROR;
				CLANG_WARN_UNREACHABLE_CODE = YES;
				CLANG_WARN__DUPLICATE_METHOD_MATCH = YES;
				"CODE_SIGN_IDENTITY[sdk=iphoneos*]" = "iPhone Developer";
				COPY_PHASE_STRIP = NO;
				DEBUG_INFORMATION_FORMAT = dwarf;
				ENABLE_STRICT_OBJC_MSGSEND = YES;
				ENABLE_TESTABILITY = YES;
				GCC_C_LANGUAGE_STANDARD = gnu99;
				GCC_DYNAMIC_NO_PIC = NO;
				GCC_NO_COMMON_BLOCKS = YES;
				GCC_OPTIMIZATION_LEVEL = 0;
				GCC_PREPROCESSOR_DEFINITIONS = (
					"DEBUG=1",
					"$(inherited)",
				);
				GCC_WARN_64_TO_32_BIT_CONVERSION = YES;
				GCC_WARN_ABOUT_RETURN_TYPE = YES_ERROR;
				GCC_WARN_UNDECLARED_SELECTOR = YES;
				GCC_WARN_UNINITIALIZED_AUTOS = YES_AGGRESSIVE;
				GCC_WARN_UNUSED_FUNCTION = YES;
				GCC_WARN_UNUSED_VARIABLE = YES;
				IPHONEOS_DEPLOYMENT_TARGET = 9.3;
				MTL_ENABLE_DEBUG_INFO = YES;
				ONLY_ACTIVE_ARCH = YES;
				SDKROOT = iphoneos;
				SWIFT_OPTIMIZATION_LEVEL = "-Onone";
				TARGETED_DEVICE_FAMILY = "1,2";
			};
			name = Debug;
		};
		3B122ABA1CEB3BDE00417A63 /* Release */ = {
			isa = XCBuildConfiguration;
			buildSettings = {
				ALWAYS_SEARCH_USER_PATHS = NO;
				CLANG_ANALYZER_NONNULL = YES;
				CLANG_CXX_LANGUAGE_STANDARD = "gnu++0x";
				CLANG_CXX_LIBRARY = "libc++";
				CLANG_ENABLE_MODULES = YES;
				CLANG_ENABLE_OBJC_ARC = YES;
				CLANG_WARN_BOOL_CONVERSION = YES;
				CLANG_WARN_CONSTANT_CONVERSION = YES;
				CLANG_WARN_DIRECT_OBJC_ISA_USAGE = YES_ERROR;
				CLANG_WARN_EMPTY_BODY = YES;
				CLANG_WARN_ENUM_CONVERSION = YES;
				CLANG_WARN_INT_CONVERSION = YES;
				CLANG_WARN_OBJC_ROOT_CLASS = YES_ERROR;
				CLANG_WARN_UNREACHABLE_CODE = YES;
				CLANG_WARN__DUPLICATE_METHOD_MATCH = YES;
				"CODE_SIGN_IDENTITY[sdk=iphoneos*]" = "iPhone Developer";
				COPY_PHASE_STRIP = NO;
				DEBUG_INFORMATION_FORMAT = "dwarf-with-dsym";
				ENABLE_NS_ASSERTIONS = NO;
				ENABLE_STRICT_OBJC_MSGSEND = YES;
				GCC_C_LANGUAGE_STANDARD = gnu99;
				GCC_NO_COMMON_BLOCKS = YES;
				GCC_WARN_64_TO_32_BIT_CONVERSION = YES;
				GCC_WARN_ABOUT_RETURN_TYPE = YES_ERROR;
				GCC_WARN_UNDECLARED_SELECTOR = YES;
				GCC_WARN_UNINITIALIZED_AUTOS = YES_AGGRESSIVE;
				GCC_WARN_UNUSED_FUNCTION = YES;
				GCC_WARN_UNUSED_VARIABLE = YES;
				IPHONEOS_DEPLOYMENT_TARGET = 9.3;
				MTL_ENABLE_DEBUG_INFO = NO;
				SDKROOT = iphoneos;
				TARGETED_DEVICE_FAMILY = "1,2";
				VALIDATE_PRODUCT = YES;
			};
			name = Release;
		};
		3B122ABC1CEB3BDE00417A63 /* Debug */ = {
			isa = XCBuildConfiguration;
			buildSettings = {
				ASSETCATALOG_COMPILER_APPICON_NAME = AppIcon;
				CODE_SIGN_IDENTITY = "iPhone Developer";
				"CODE_SIGN_IDENTITY[sdk=iphoneos*]" = "iPhone Developer";
				INFOPLIST_FILE = RideBook/Info.plist;
				LD_RUNPATH_SEARCH_PATHS = "$(inherited) @executable_path/Frameworks";
				PRODUCT_BUNDLE_IDENTIFIER = com.Octopus.RideBook;
				PRODUCT_NAME = "$(TARGET_NAME)";
				PROVISIONING_PROFILE = "";
			};
			name = Debug;
		};
		3B122ABD1CEB3BDE00417A63 /* Release */ = {
			isa = XCBuildConfiguration;
			buildSettings = {
				ASSETCATALOG_COMPILER_APPICON_NAME = AppIcon;
				CODE_SIGN_IDENTITY = "iPhone Developer";
				"CODE_SIGN_IDENTITY[sdk=iphoneos*]" = "iPhone Developer";
				INFOPLIST_FILE = RideBook/Info.plist;
				LD_RUNPATH_SEARCH_PATHS = "$(inherited) @executable_path/Frameworks";
				PRODUCT_BUNDLE_IDENTIFIER = com.Octopus.RideBook;
				PRODUCT_NAME = "$(TARGET_NAME)";
				PROVISIONING_PROFILE = "";
			};
			name = Release;
		};
/* End XCBuildConfiguration section */

/* Begin XCConfigurationList section */
		3B122AA11CEB3BDE00417A63 /* Build configuration list for PBXProject "RideBook" */ = {
			isa = XCConfigurationList;
			buildConfigurations = (
				3B122AB91CEB3BDE00417A63 /* Debug */,
				3B122ABA1CEB3BDE00417A63 /* Release */,
			);
			defaultConfigurationIsVisible = 0;
			defaultConfigurationName = Release;
		};
		3B122ABB1CEB3BDE00417A63 /* Build configuration list for PBXNativeTarget "RideBook" */ = {
			isa = XCConfigurationList;
			buildConfigurations = (
				3B122ABC1CEB3BDE00417A63 /* Debug */,
				3B122ABD1CEB3BDE00417A63 /* Release */,
			);
			defaultConfigurationIsVisible = 0;
			defaultConfigurationName = Release;
		};
/* End XCConfigurationList section */

/* Begin XCVersionGroup section */
		3B122AB01CEB3BDE00417A63 /* RideBook.xcdatamodeld */ = {
			isa = XCVersionGroup;
			children = (
				3B122AB11CEB3BDE00417A63 /* RideBook.xcdatamodel */,
			);
			currentVersion = 3B122AB11CEB3BDE00417A63 /* RideBook.xcdatamodel */;
			path = RideBook.xcdatamodeld;
			sourceTree = "<group>";
			versionGroupType = wrapper.xcdatamodel;
		};
/* End XCVersionGroup section */
	};
	rootObject = 3B122A9E1CEB3BDE00417A63 /* Project object */;
}
